
Microsoft Visual Studio Solution File, Format Version 12.00
# Visual Studio Version 16
VisualStudioVersion = 16.0.31729.503
MinimumVisualStudioVersion = 10.0.40219.1
Project("{FAE04EC0-301F-11D3-BF4B-00C04F79EFBC}") = "D01_HTML", "D01_HTML\D01_HTML.csproj", "{D756B8C5-F1FC-4210-B4B1-0DEA9711B2AE}"
EndProject
Project("{FAE04EC0-301F-11D3-BF4B-00C04F79EFBC}") = "D02_CSS", "D02_CSS\D02_CSS.csproj", "{DF812229-B509-4232-9331-06786B4805B4}"
EndProject
Project("{FAE04EC0-301F-11D3-BF4B-00C04F79EFBC}") = "D03_JavaScript", "D03_JavaScript\D03_JavaScript.csproj", "{835D5983-1791-470F-BC1D-73EE32D914A7}"
EndProject
Project("{FAE04EC0-301F-11D3-BF4B-00C04F79EFBC}") = "D04_Bootstrap", "D04_Bootstrap\D04_Bootstrap.csproj", "{A350C858-10DE-4222-9491-A38D3022E4AA}"
EndProject
Project("{FAE04EC0-301F-11D3-BF4B-00C04F79EFBC}") = "D05_ASP.NET_WebForms", "D05_ASP.NET_WebForms\D05_ASP.NET_WebForms.csproj", "{D31045D8-DAB9-4BC1-B922-E5AAF1CA88F8}"
EndProject
Project("{FAE04EC0-301F-11D3-BF4B-00C04F79EFBC}") = "E03_JS_Calculadora_V1", "E03_JS_Calculadora_V1\E03_JS_Calculadora_V1.csproj", "{FCF7D7DA-E367-4EA1-A685-4E9D2C33FF02}"
EndProject
Project("{FAE04EC0-301F-11D3-BF4B-00C04F79EFBC}") = "D06_ASP.NET_MVC", "D06_ASP.NET_MVC\D06_ASP.NET_MVC.csproj", "{4703C9A9-FD53-4DB6-B918-2A46DDF0E665}"
EndProject
Project("{FAE04EC0-301F-11D3-BF4B-00C04F79EFBC}") = "D07_MVC_EF6_DF1", "D07_MVC_EF6_DF\D07_MVC_EF6_DF1.csproj", "{3B64AA78-4446-429D-9B15-9B8947FF3675}"
EndProject
Project("{FAE04EC0-301F-11D3-BF4B-00C04F79EFBC}") = "D07_MVC_EF6_DF_v1", "D07_MVC_EF6_DF_v1\D07_MVC_EF6_DF_v1.csproj", "{67C5C0E7-20FD-4C58-81D1-15096A916D15}"
EndProject
Project("{FAE04EC0-301F-11D3-BF4B-00C04F79EFBC}") = "D07_MVC_EF6_DF_v2", "D07_MVC_EF6_DF_v2\D07_MVC_EF6_DF_v2.csproj", "{B73C6CDB-82AC-4EBE-BFB8-9881E126FA16}"
EndProject
Project("{FAE04EC0-301F-11D3-BF4B-00C04F79EFBC}") = "E03_MVC_EF6_CF", "E03_MVC_EF6_CF\E03_MVC_EF6_CF.csproj", "{52844D96-142D-4AB8-9E14-94E8C36F8BFC}"
EndProject
Project("{FAE04EC0-301F-11D3-BF4B-00C04F79EFBC}") = "E04_WebAPI_EF6", "E04_WebAPI_EF6\E04_WebAPI_EF6.csproj", "{F903C285-2365-4C5E-99C8-923FDDC4374D}"
EndProject
Project("{FAE04EC0-301F-11D3-BF4B-00C04F79EFBC}") = "D10_MVC_EF6_Security", "D10_MVC_EF6_Security\D10_MVC_EF6_Security.csproj", "{2DAB3470-DCF7-468A-B9FD-E891C6B2CC7D}"
EndProject
Project("{FAE04EC0-301F-11D3-BF4B-00C04F79EFBC}") = "MVC_Teste", "MVC_Teste\MVC_Teste.csproj", "{98449350-7031-42B8-B028-C1CB8E75CF78}"
EndProject
Project("{FAE04EC0-301F-11D3-BF4B-00C04F79EFBC}") = "D11_UnitTests", "D11_UnitTests\D11_UnitTests.csproj", "{7793A796-1273-4D3D-9047-F65EA7FFD99D}"
EndProject
Project("{FAE04EC0-301F-11D3-BF4B-00C04F79EFBC}") = "D12_jQuery", "D12_jQuery\D12_jQuery.csproj", "{8943D87B-1FF2-4E5B-A187-E52DB937C4A2}"
EndProject
Global
	GlobalSection(SolutionConfigurationPlatforms) = preSolution
		Debug|Any CPU = Debug|Any CPU
		Release|Any CPU = Release|Any CPU
	EndGlobalSection
	GlobalSection(ProjectConfigurationPlatforms) = postSolution
		{D756B8C5-F1FC-4210-B4B1-0DEA9711B2AE}.Debug|Any CPU.ActiveCfg = Debug|Any CPU
		{D756B8C5-F1FC-4210-B4B1-0DEA9711B2AE}.Debug|Any CPU.Build.0 = Debug|Any CPU
		{D756B8C5-F1FC-4210-B4B1-0DEA9711B2AE}.Release|Any CPU.ActiveCfg = Release|Any CPU
		{D756B8C5-F1FC-4210-B4B1-0DEA9711B2AE}.Release|Any CPU.Build.0 = Release|Any CPU
		{DF812229-B509-4232-9331-06786B4805B4}.Debug|Any CPU.ActiveCfg = Debug|Any CPU
		{DF812229-B509-4232-9331-06786B4805B4}.Debug|Any CPU.Build.0 = Debug|Any CPU
		{DF812229-B509-4232-9331-06786B4805B4}.Release|Any CPU.ActiveCfg = Release|Any CPU
		{DF812229-B509-4232-9331-06786B4805B4}.Release|Any CPU.Build.0 = Release|Any CPU
		{835D5983-1791-470F-BC1D-73EE32D914A7}.Debug|Any CPU.ActiveCfg = Debug|Any CPU
		{835D5983-1791-470F-BC1D-73EE32D914A7}.Debug|Any CPU.Build.0 = Debug|Any CPU
		{835D5983-1791-470F-BC1D-73EE32D914A7}.Release|Any CPU.ActiveCfg = Release|Any CPU
		{835D5983-1791-470F-BC1D-73EE32D914A7}.Release|Any CPU.Build.0 = Release|Any CPU
		{A350C858-10DE-4222-9491-A38D3022E4AA}.Debug|Any CPU.ActiveCfg = Debug|Any CPU
		{A350C858-10DE-4222-9491-A38D3022E4AA}.Debug|Any CPU.Build.0 = Debug|Any CPU
		{A350C858-10DE-4222-9491-A38D3022E4AA}.Release|Any CPU.ActiveCfg = Release|Any CPU
		{A350C858-10DE-4222-9491-A38D3022E4AA}.Release|Any CPU.Build.0 = Release|Any CPU
		{D31045D8-DAB9-4BC1-B922-E5AAF1CA88F8}.Debug|Any CPU.ActiveCfg = Debug|Any CPU
		{D31045D8-DAB9-4BC1-B922-E5AAF1CA88F8}.Debug|Any CPU.Build.0 = Debug|Any CPU
		{D31045D8-DAB9-4BC1-B922-E5AAF1CA88F8}.Release|Any CPU.ActiveCfg = Release|Any CPU
		{D31045D8-DAB9-4BC1-B922-E5AAF1CA88F8}.Release|Any CPU.Build.0 = Release|Any CPU
		{FCF7D7DA-E367-4EA1-A685-4E9D2C33FF02}.Debug|Any CPU.ActiveCfg = Debug|Any CPU
		{FCF7D7DA-E367-4EA1-A685-4E9D2C33FF02}.Debug|Any CPU.Build.0 = Debug|Any CPU
		{FCF7D7DA-E367-4EA1-A685-4E9D2C33FF02}.Release|Any CPU.ActiveCfg = Release|Any CPU
		{FCF7D7DA-E367-4EA1-A685-4E9D2C33FF02}.Release|Any CPU.Build.0 = Release|Any CPU
		{4703C9A9-FD53-4DB6-B918-2A46DDF0E665}.Debug|Any CPU.ActiveCfg = Debug|Any CPU
		{4703C9A9-FD53-4DB6-B918-2A46DDF0E665}.Debug|Any CPU.Build.0 = Debug|Any CPU
		{4703C9A9-FD53-4DB6-B918-2A46DDF0E665}.Release|Any CPU.ActiveCfg = Release|Any CPU
		{4703C9A9-FD53-4DB6-B918-2A46DDF0E665}.Release|Any CPU.Build.0 = Release|Any CPU
		{3B64AA78-4446-429D-9B15-9B8947FF3675}.Debug|Any CPU.ActiveCfg = Debug|Any CPU
		{3B64AA78-4446-429D-9B15-9B8947FF3675}.Debug|Any CPU.Build.0 = Debug|Any CPU
		{3B64AA78-4446-429D-9B15-9B8947FF3675}.Release|Any CPU.ActiveCfg = Release|Any CPU
		{3B64AA78-4446-429D-9B15-9B8947FF3675}.Release|Any CPU.Build.0 = Release|Any CPU
		{67C5C0E7-20FD-4C58-81D1-15096A916D15}.Debug|Any CPU.ActiveCfg = Debug|Any CPU
		{67C5C0E7-20FD-4C58-81D1-15096A916D15}.Debug|Any CPU.Build.0 = Debug|Any CPU
		{67C5C0E7-20FD-4C58-81D1-15096A916D15}.Release|Any CPU.ActiveCfg = Release|Any CPU
		{67C5C0E7-20FD-4C58-81D1-15096A916D15}.Release|Any CPU.Build.0 = Release|Any CPU
		{B73C6CDB-82AC-4EBE-BFB8-9881E126FA16}.Debug|Any CPU.ActiveCfg = Debug|Any CPU
		{B73C6CDB-82AC-4EBE-BFB8-9881E126FA16}.Debug|Any CPU.Build.0 = Debug|Any CPU
		{B73C6CDB-82AC-4EBE-BFB8-9881E126FA16}.Release|Any CPU.ActiveCfg = Release|Any CPU
		{B73C6CDB-82AC-4EBE-BFB8-9881E126FA16}.Release|Any CPU.Build.0 = Release|Any CPU
		{52844D96-142D-4AB8-9E14-94E8C36F8BFC}.Debug|Any CPU.ActiveCfg = Debug|Any CPU
		{52844D96-142D-4AB8-9E14-94E8C36F8BFC}.Debug|Any CPU.Build.0 = Debug|Any CPU
		{52844D96-142D-4AB8-9E14-94E8C36F8BFC}.Release|Any CPU.ActiveCfg = Release|Any CPU
		{52844D96-142D-4AB8-9E14-94E8C36F8BFC}.Release|Any CPU.Build.0 = Release|Any CPU
		{F903C285-2365-4C5E-99C8-923FDDC4374D}.Debug|Any CPU.ActiveCfg = Debug|Any CPU
		{F903C285-2365-4C5E-99C8-923FDDC4374D}.Debug|Any CPU.Build.0 = Debug|Any CPU
		{F903C285-2365-4C5E-99C8-923FDDC4374D}.Release|Any CPU.ActiveCfg = Release|Any CPU
		{F903C285-2365-4C5E-99C8-923FDDC4374D}.Release|Any CPU.Build.0 = Release|Any CPU
		{2DAB3470-DCF7-468A-B9FD-E891C6B2CC7D}.Debug|Any CPU.ActiveCfg = Debug|Any CPU
		{2DAB3470-DCF7-468A-B9FD-E891C6B2CC7D}.Debug|Any CPU.Build.0 = Debug|Any CPU
		{2DAB3470-DCF7-468A-B9FD-E891C6B2CC7D}.Release|Any CPU.ActiveCfg = Release|Any CPU
		{2DAB3470-DCF7-468A-B9FD-E891C6B2CC7D}.Release|Any CPU.Build.0 = Release|Any CPU
		{98449350-7031-42B8-B028-C1CB8E75CF78}.Debug|Any CPU.ActiveCfg = Debug|Any CPU
		{98449350-7031-42B8-B028-C1CB8E75CF78}.Debug|Any CPU.Build.0 = Debug|Any CPU
		{98449350-7031-42B8-B028-C1CB8E75CF78}.Release|Any CPU.ActiveCfg = Release|Any CPU
		{98449350-7031-42B8-B028-C1CB8E75CF78}.Release|Any CPU.Build.0 = Release|Any CPU
		{7793A796-1273-4D3D-9047-F65EA7FFD99D}.Debug|Any CPU.ActiveCfg = Debug|Any CPU
		{7793A796-1273-4D3D-9047-F65EA7FFD99D}.Debug|Any CPU.Build.0 = Debug|Any CPU
		{7793A796-1273-4D3D-9047-F65EA7FFD99D}.Release|Any CPU.ActiveCfg = Release|Any CPU
		{7793A796-1273-4D3D-9047-F65EA7FFD99D}.Release|Any CPU.Build.0 = Release|Any CPU
		{8943D87B-1FF2-4E5B-A187-E52DB937C4A2}.Debug|Any CPU.ActiveCfg = Debug|Any CPU
		{8943D87B-1FF2-4E5B-A187-E52DB937C4A2}.Debug|Any CPU.Build.0 = Debug|Any CPU
		{8943D87B-1FF2-4E5B-A187-E52DB937C4A2}.Release|Any CPU.ActiveCfg = Release|Any CPU
		{8943D87B-1FF2-4E5B-A187-E52DB937C4A2}.Release|Any CPU.Build.0 = Release|Any CPU
	EndGlobalSection
	GlobalSection(SolutionProperties) = preSolution
		HideSolutionNode = FALSE
	EndGlobalSection
	GlobalSection(ExtensibilityGlobals) = postSolution
		SolutionGuid = {A54EF412-6B33-41CB-A606-B2CD78B461D1}
	EndGlobalSection
EndGlobal
